
Microsoft Visual Studio Solution File, Format Version 12.00
# Visual Studio 15
VisualStudioVersion = 15.0.26403.7
MinimumVisualStudioVersion = 10.0.40219.1
Project("{8BC9CEB8-8B4A-11D0-8D11-00A0C91BC942}") = "googleTest", "googleTest\googleTest.vcxproj", "{5196900F-EB28-4387-A855-499F89FCA442}"
EndProject
Project("{8BC9CEB8-8B4A-11D0-8D11-00A0C91BC942}") = "unittest_TESTQ", "unitest_TESTG\unitest_TESTG.vcxproj", "{B0C6986B-EA13-4B3D-B24B-D0CBFCCFF533}"
EndProject
Project("{8BC9CEB8-8B4A-11D0-8D11-00A0C91BC942}") = "TESTQ", "TESTQ\TESTQ.vcxproj", "{CB70A273-DD34-4E82-8617-05C66D2B6E11}"
	ProjectSection(ProjectDependencies) = postProject
		{5196900F-EB28-4387-A855-499F89FCA442} = {5196900F-EB28-4387-A855-499F89FCA442}
	EndProjectSection
EndProject
Global
	GlobalSection(SolutionConfigurationPlatforms) = preSolution
		Debug|x64 = Debug|x64
		Debug|x86 = Debug|x86
		Release|x64 = Release|x64
		Release|x86 = Release|x86
	EndGlobalSection
	GlobalSection(ProjectConfigurationPlatforms) = postSolution
		{5196900F-EB28-4387-A855-499F89FCA442}.Debug|x64.ActiveCfg = Debug|x64
		{5196900F-EB28-4387-A855-499F89FCA442}.Debug|x64.Build.0 = Debug|x64
		{5196900F-EB28-4387-A855-499F89FCA442}.Debug|x86.ActiveCfg = Debug|Win32
		{5196900F-EB28-4387-A855-499F89FCA442}.Debug|x86.Build.0 = Debug|Win32
		{5196900F-EB28-4387-A855-499F89FCA442}.Release|x64.ActiveCfg = Release|x64
		{5196900F-EB28-4387-A855-499F89FCA442}.Release|x64.Build.0 = Release|x64
		{5196900F-EB28-4387-A855-499F89FCA442}.Release|x86.ActiveCfg = Release|Win32
		{5196900F-EB28-4387-A855-499F89FCA442}.Release|x86.Build.0 = Release|Win32
		{B0C6986B-EA13-4B3D-B24B-D0CBFCCFF533}.Debug|x64.ActiveCfg = Debug|x64
		{B0C6986B-EA13-4B3D-B24B-D0CBFCCFF533}.Debug|x64.Build.0 = Debug|x64
		{B0C6986B-EA13-4B3D-B24B-D0CBFCCFF533}.Debug|x86.ActiveCfg = Debug|Win32
		{B0C6986B-EA13-4B3D-B24B-D0CBFCCFF533}.Debug|x86.Build.0 = Debug|Win32
		{B0C6986B-EA13-4B3D-B24B-D0CBFCCFF533}.Release|x64.ActiveCfg = Release|x64
		{B0C6986B-EA13-4B3D-B24B-D0CBFCCFF533}.Release|x64.Build.0 = Release|x64
		{B0C6986B-EA13-4B3D-B24B-D0CBFCCFF533}.Release|x86.ActiveCfg = Release|Win32
		{B0C6986B-EA13-4B3D-B24B-D0CBFCCFF533}.Release|x86.Build.0 = Release|Win32
		{CB70A273-DD34-4E82-8617-05C66D2B6E11}.Debug|x64.ActiveCfg = Debug|x64
		{CB70A273-DD34-4E82-8617-05C66D2B6E11}.Debug|x64.Build.0 = Debug|x64
		{CB70A273-DD34-4E82-8617-05C66D2B6E11}.Debug|x86.ActiveCfg = Debug|Win32
		{CB70A273-DD34-4E82-8617-05C66D2B6E11}.Debug|x86.Build.0 = Debug|Win32
		{CB70A273-DD34-4E82-8617-05C66D2B6E11}.Release|x64.ActiveCfg = Release|x64
		{CB70A273-DD34-4E82-8617-05C66D2B6E11}.Release|x64.Build.0 = Release|x64
		{CB70A273-DD34-4E82-8617-05C66D2B6E11}.Release|x86.ActiveCfg = Release|Win32
		{CB70A273-DD34-4E82-8617-05C66D2B6E11}.Release|x86.Build.0 = Release|Win32
	EndGlobalSection
	GlobalSection(SolutionProperties) = preSolution
		HideSolutionNode = FALSE
	EndGlobalSection
EndGlobal
