
Microsoft Visual Studio Solution File, Format Version 12.00
# Visual Studio 15
VisualStudioVersion = 15.0.28307.902
MinimumVisualStudioVersion = 10.0.40219.1
Project("{8BC9CEB8-8B4A-11D0-8D11-00A0C91BC942}") = "SimpleGame", "SimpleGame.vcxproj", "{F572D01D-1AAC-4511-A31F-B8997CEBAEC5}"
EndProject
Project("{2150E333-8FDC-42A3-9474-1A3956D46DE8}") = "src", "src", "{4E926809-A583-44A5-9E5E-D5D04EEF2884}"
	ProjectSection(SolutionItems) = preProject
		src\main.cpp = src\main.cpp
	EndProjectSection
EndProject
Global
	GlobalSection(SolutionConfigurationPlatforms) = preSolution
		Debug|x64 = Debug|x64
		Debug|x86 = Debug|x86
		Release|x64 = Release|x64
		Release|x86 = Release|x86
	EndGlobalSection
	GlobalSection(ProjectConfigurationPlatforms) = postSolution
		{F572D01D-1AAC-4511-A31F-B8997CEBAEC5}.Debug|x64.ActiveCfg = Debug|x64
		{F572D01D-1AAC-4511-A31F-B8997CEBAEC5}.Debug|x64.Build.0 = Debug|x64
		{F572D01D-1AAC-4511-A31F-B8997CEBAEC5}.Debug|x86.ActiveCfg = Debug|Win32
		{F572D01D-1AAC-4511-A31F-B8997CEBAEC5}.Debug|x86.Build.0 = Debug|Win32
		{F572D01D-1AAC-4511-A31F-B8997CEBAEC5}.Release|x64.ActiveCfg = Release|x64
		{F572D01D-1AAC-4511-A31F-B8997CEBAEC5}.Release|x64.Build.0 = Release|x64
		{F572D01D-1AAC-4511-A31F-B8997CEBAEC5}.Release|x86.ActiveCfg = Release|Win32
		{F572D01D-1AAC-4511-A31F-B8997CEBAEC5}.Release|x86.Build.0 = Release|Win32
	EndGlobalSection
	GlobalSection(SolutionProperties) = preSolution
		HideSolutionNode = FALSE
	EndGlobalSection
	GlobalSection(ExtensibilityGlobals) = postSolution
		SolutionGuid = {F99AEAFC-0C97-4445-8E61-A4CEBC1F28C9}
	EndGlobalSection
EndGlobal
