<?xml version="1.0" encoding="utf-8"?>
<Project xmlns="http://schemas.microsoft.com/developer/msbuild/2003">
  <ItemGroup>
    <Filter Include="Generated Files">
      <UniqueIdentifier>{71ED8ED8-ACB9-4CE9-BBE1-E00B30144E11}</UniqueIdentifier>
      <Extensions>cpp;c;cxx;moc;h;def;odl;idl;res;</Extensions>
    </Filter>
    <Filter Include="Generated Files">
      <UniqueIdentifier>{71ED8ED8-ACB9-4CE9-BBE1-E00B30144E11}</UniqueIdentifier>
      <Extensions>cpp;c;cxx;moc;h;def;odl;idl;res;</Extensions>
    </Filter>
    <Filter Include="Resource Files">
      <UniqueIdentifier>{D9D6E242-F8AF-46E4-B9FD-80ECBC20BA3E}</UniqueIdentifier>
      <Extensions>qrc;*</Extensions>
      <ParseFiles>false</ParseFiles>
    </Filter>
    <Filter Include="Resource Files">
      <UniqueIdentifier>{D9D6E242-F8AF-46E4-B9FD-80ECBC20BA3E}</UniqueIdentifier>
      <Extensions>qrc;*</Extensions>
      <ParseFiles>false</ParseFiles>
    </Filter>
    <Filter Include="Source Files">
      <UniqueIdentifier>{4FC737F1-C7A5-4376-A066-2A32D752A2FF}</UniqueIdentifier>
      <Extensions>cpp;c;cxx;def;odl;idl;hpj;bat;asm;asmx</Extensions>
    </Filter>
    <Filter Include="Source Files">
      <UniqueIdentifier>{4FC737F1-C7A5-4376-A066-2A32D752A2FF}</UniqueIdentifier>
      <Extensions>cpp;c;cxx;def;odl;idl;hpj;bat;asm;asmx</Extensions>
    </Filter>
    <Filter Include="Header Files">
      <UniqueIdentifier>{a2bfd1f1-e312-4a2c-8cc6-368a3b20d564}</UniqueIdentifier>
    </Filter>
    <Filter Include="3rd party">
      <UniqueIdentifier>{1e44c2a5-d9aa-47dc-83bf-d69bf5f8b80d}</UniqueIdentifier>
    </Filter>
  </ItemGroup>
  <ItemGroup>
    <ClCompile Include="source/Artillery.cpp">
      <Filter>Source Files</Filter>
    </ClCompile>
    <ClCompile Include="source/Board.cpp">
      <Filter>Source Files</Filter>
    </ClCompile>
    <ClCompile Include="source/BoardUnit.cpp">
      <Filter>Source Files</Filter>
    </ClCompile>
    <ClCompile Include="source/BoardUnitFactory.cpp">
      <Filter>Source Files</Filter>
    </ClCompile>
    <ClCompile Include="source/Cavalry.cpp">
      <Filter>Source Files</Filter>
    </ClCompile>
    <ClCompile Include="source/Game.cpp">
      <Filter>Source Files</Filter>
    </ClCompile>
    <ClCompile Include="source/Grass.cpp">
      <Filter>Source Files</Filter>
    </ClCompile>
    <ClCompile Include="source/Infantry.cpp">
      <Filter>Source Files</Filter>
    </ClCompile>
    <ClCompile Include="source/main.cpp">
      <Filter>Source Files</Filter>
    </ClCompile>
    <ClCompile Include="source/PlayableBoardUnit.cpp">
      <Filter>Source Files</Filter>
    </ClCompile>
    <ClCompile Include="source/PongoBaseBoardUnit.cpp">
      <Filter>Source Files</Filter>
    </ClCompile>
    <ClCompile Include="source/PongoBoardUnit.cpp">
      <Filter>Source Files</Filter>
    </ClCompile>
    <ClCompile Include="source/River.cpp">
      <Filter>Source Files</Filter>
    </ClCompile>
    <ClCompile Include="source/Snow.cpp">
      <Filter>Source Files</Filter>
    </ClCompile>
    <ClCompile Include="source/TerrainBoardUnit.cpp">
      <Filter>Source Files</Filter>
    </ClCompile>
    <ClCompile Include="source/UItoBackendConnector.cpp">
      <Filter>Source Files</Filter>
    </ClCompile>
    <ClCompile Include="source\Stone.cpp">
      <Filter>Source Files</Filter>
    </ClCompile>
    <ClCompile Include="source\DirtPit.cpp">
      <Filter>Source Files</Filter>
    </ClCompile>
    <ClCompile Include="source\Tree.cpp">
      <Filter>Source Files</Filter>
    </ClCompile>
    <ClCompile Include="source\ActionDispatcher.cpp">
      <Filter>Generated Files</Filter>
    </ClCompile>
    <ClCompile Include="source\TreeLog.cpp">
      <Filter>Source Files</Filter>
    </ClCompile>
  </ItemGroup>
  <ItemGroup>
    <CustomBuild Include="debug\moc_predefs.h.cbt">
      <Filter>Generated Files</Filter>
    </CustomBuild>
    <CustomBuild Include="release\moc_predefs.h.cbt">
      <Filter>Generated Files</Filter>
    </CustomBuild>
  </ItemGroup>
  <ItemGroup>
    <None Include="qt/main.qml">
      <Filter>Resource Files</Filter>
    </None>
    <None Include="qt/MainMenu.qml">
      <Filter>Resource Files</Filter>
    </None>
    <None Include="qt/SettingsMenu.qml">
      <Filter>Resource Files</Filter>
    </None>
    <None Include="ClassDiagram1.cd" />
  </ItemGroup>
  <ItemGroup>
    <ClInclude Include="include/PlayableBoardUnit.h">
      <Filter>Header Files</Filter>
    </ClInclude>
    <ClInclude Include="include/PongoBaseBoardUnit.h">
      <Filter>Header Files</Filter>
    </ClInclude>
    <ClInclude Include="include/PongoBoardUnit.h">
      <Filter>Header Files</Filter>
    </ClInclude>
    <ClInclude Include="include/River.h">
      <Filter>Header Files</Filter>
    </ClInclude>
    <ClInclude Include="include/Snow.h">
      <Filter>Header Files</Filter>
    </ClInclude>
    <ClInclude Include="include/TerrainBoardUnit.h">
      <Filter>Header Files</Filter>
    </ClInclude>
    <ClInclude Include="include/Infantry.h">
      <Filter>Header Files</Filter>
    </ClInclude>
    <ClInclude Include="include/Game.h">
      <Filter>Header Files</Filter>
    </ClInclude>
    <ClInclude Include="include/Grass.h">
      <Filter>Header Files</Filter>
    </ClInclude>
    <ClInclude Include="include/Artillery.h">
      <Filter>Header Files</Filter>
    </ClInclude>
    <ClInclude Include="include/Board.h">
      <Filter>Header Files</Filter>
    </ClInclude>
    <ClInclude Include="include/BoardUnit.h">
      <Filter>Header Files</Filter>
    </ClInclude>
    <ClInclude Include="include/BoardUnitFactory.h">
      <Filter>Header Files</Filter>
    </ClInclude>
    <ClInclude Include="include/Cavalry.h">
      <Filter>Header Files</Filter>
    </ClInclude>
    <ClInclude Include="include\Stone.h">
      <Filter>Header Files</Filter>
    </ClInclude>
    <ClInclude Include="3rd party\Reputeless\PerlinNoise.hpp">
      <Filter>3rd party</Filter>
    </ClInclude>
    <ClInclude Include="include\Tree.h">
      <Filter>Header Files</Filter>
    </ClInclude>
    <ClInclude Include="include\DirtPit.h">
      <Filter>Header Files</Filter>
    </ClInclude>
    <ClInclude Include="include\ActionDispatcher.h">
      <Filter>Generated Files</Filter>
    </ClInclude>
    <ClInclude Include="include\TreeLog.h">
      <Filter>Header Files</Filter>
    </ClInclude>
  </ItemGroup>
  <ItemGroup>
    <QtRcc Include="qt/qml.qrc">
      <Filter>Resource Files</Filter>
    </QtRcc>
  </ItemGroup>
  <ItemGroup>
    <QtMoc Include="include/UItoBackendConnector.h">
      <Filter>Header Files</Filter>
    </QtMoc>
  </ItemGroup>
</Project>